
Microsoft Visual Studio Solution File, Format Version 12.00
# Visual Studio Version 17
VisualStudioVersion = 17.14.36518.9 d17.14
MinimumVisualStudioVersion = 10.0.40219.1
Project("{FAE04EC0-301F-11D3-BF4B-00C04F79EFBC}") = "Atividade01_calculdora", "Atividade01_calculdora\Atividade01_calculdora.csproj", "{8D353976-D11F-4EDE-98FC-D4F4838E1DA2}"
EndProject
Global
	GlobalSection(SolutionConfigurationPlatforms) = preSolution
		Debug|Any CPU = Debug|Any CPU
		Release|Any CPU = Release|Any CPU
	EndGlobalSection
	GlobalSection(ProjectConfigurationPlatforms) = postSolution
		{8D353976-D11F-4EDE-98FC-D4F4838E1DA2}.Debug|Any CPU.ActiveCfg = Debug|Any CPU
		{8D353976-D11F-4EDE-98FC-D4F4838E1DA2}.Debug|Any CPU.Build.0 = Debug|Any CPU
		{8D353976-D11F-4EDE-98FC-D4F4838E1DA2}.Release|Any CPU.ActiveCfg = Release|Any CPU
		{8D353976-D11F-4EDE-98FC-D4F4838E1DA2}.Release|Any CPU.Build.0 = Release|Any CPU
	EndGlobalSection
	GlobalSection(SolutionProperties) = preSolution
		HideSolutionNode = FALSE
	EndGlobalSection
	GlobalSection(ExtensibilityGlobals) = postSolution
		SolutionGuid = {DF3D6672-0181-4D35-B7FF-95BB779BADD3}
	EndGlobalSection
EndGlobal
