
Microsoft Visual Studio Solution File, Format Version 12.00
# Visual Studio Version 17
VisualStudioVersion = 17.14.36518.9 d17.14
MinimumVisualStudioVersion = 10.0.40219.1
Project("{FAE04EC0-301F-11D3-BF4B-00C04F79EFBC}") = "Atividade01_urna", "Atividade01_urna\Atividade01_urna.csproj", "{621D9A18-27D7-4CFD-B874-F311BB944A9A}"
EndProject
Global
	GlobalSection(SolutionConfigurationPlatforms) = preSolution
		Debug|Any CPU = Debug|Any CPU
		Release|Any CPU = Release|Any CPU
	EndGlobalSection
	GlobalSection(ProjectConfigurationPlatforms) = postSolution
		{621D9A18-27D7-4CFD-B874-F311BB944A9A}.Debug|Any CPU.ActiveCfg = Debug|Any CPU
		{621D9A18-27D7-4CFD-B874-F311BB944A9A}.Debug|Any CPU.Build.0 = Debug|Any CPU
		{621D9A18-27D7-4CFD-B874-F311BB944A9A}.Release|Any CPU.ActiveCfg = Release|Any CPU
		{621D9A18-27D7-4CFD-B874-F311BB944A9A}.Release|Any CPU.Build.0 = Release|Any CPU
	EndGlobalSection
	GlobalSection(SolutionProperties) = preSolution
		HideSolutionNode = FALSE
	EndGlobalSection
	GlobalSection(ExtensibilityGlobals) = postSolution
		SolutionGuid = {2AEC9130-6A4F-4C65-A2EF-FC6D12735CF9}
	EndGlobalSection
EndGlobal
