
Microsoft Visual Studio Solution File, Format Version 12.00
# Visual Studio Version 17
VisualStudioVersion = 17.14.36511.14 d17.14
MinimumVisualStudioVersion = 10.0.40219.1
Project("{FAE04EC0-301F-11D3-BF4B-00C04F79EFBC}") = "calculadora", "calculadora\calculadora.csproj", "{CAB0F704-7229-4453-B63F-629905F4193A}"
EndProject
Global
	GlobalSection(SolutionConfigurationPlatforms) = preSolution
		Debug|Any CPU = Debug|Any CPU
		Release|Any CPU = Release|Any CPU
	EndGlobalSection
	GlobalSection(ProjectConfigurationPlatforms) = postSolution
		{CAB0F704-7229-4453-B63F-629905F4193A}.Debug|Any CPU.ActiveCfg = Debug|Any CPU
		{CAB0F704-7229-4453-B63F-629905F4193A}.Debug|Any CPU.Build.0 = Debug|Any CPU
		{CAB0F704-7229-4453-B63F-629905F4193A}.Release|Any CPU.ActiveCfg = Release|Any CPU
		{CAB0F704-7229-4453-B63F-629905F4193A}.Release|Any CPU.Build.0 = Release|Any CPU
	EndGlobalSection
	GlobalSection(SolutionProperties) = preSolution
		HideSolutionNode = FALSE
	EndGlobalSection
	GlobalSection(ExtensibilityGlobals) = postSolution
		SolutionGuid = {8CD1FA35-EF2B-47CC-9557-125F8DC81A89}
	EndGlobalSection
EndGlobal
